Microsoft Visual Studio Solution File, Format Version 12.00
# Visual Studio 15
VisualStudioVersion = 15.0.26430.14
MinimumVisualStudioVersion = 10.0.40219.1
Project("{2150E333-8FDC-42A3-9474-1A3956D46DE8}") = "Core", "Core", "{0FEB6ADF-29FD-48CE-AE0F-9E19E9209795}"
EndProject
Project("{2150E333-8FDC-42A3-9474-1A3956D46DE8}") = "Src", "Src", "{4B785E7E-2F35-4198-BD73-D2B861E5518A}"
EndProject
Project("{2150E333-8FDC-42A3-9474-1A3956D46DE8}") = "Infrastructure", "Infrastructure", "{1EC1EEFF-3888-4125-9229-623C564F3E7E}"
EndProject
Project("{2150E333-8FDC-42A3-9474-1A3956D46DE8}") = "Presentation", "Presentation", "{833DEA57-A970-418C-831C-2355B8294766}"
EndProject
Project("{2150E333-8FDC-42A3-9474-1A3956D46DE8}") = "Tests", "Tests", "{9FEDAEFB-297C-4201-8FAA-F502F94CAFED}"
EndProject
Project("{2150E333-8FDC-42A3-9474-1A3956D46DE8}") = "Common", "Common", "{C1158497-4B38-48DD-B698-57B7A0D50249}"
EndProject
Project("{9A19103F-16F7-4668-BE54-9A1E7A4F7556}") = "Intive.ConfR.Common", "Intive.ConfR.Common\Intive.ConfR.Common.csproj", "{3F54E3E7-BAC9-43F7-A75D-F4465808A9C3}"
EndProject
Project("{9A19103F-16F7-4668-BE54-9A1E7A4F7556}") = "Intive.ConfR.Application.Tests", "Intive.ConfR.Application.Tests\Intive.ConfR.Application.Tests.csproj", "{A745DE0C-0CFE-477B-9721-39406A2B574A}"
EndProject
Project("{9A19103F-16F7-4668-BE54-9A1E7A4F7556}") = "Intive.ConfR.Domain.Tests", "Intive.ConfR.Domain.Tests\Intive.ConfR.Domain.Tests.csproj", "{2404EA55-A81D-4834-98B6-9F4F04DDD6B4}"
EndProject
Project("{9A19103F-16F7-4668-BE54-9A1E7A4F7556}") = "Intive.ConfR.API", "Intive.ConfR.API\Intive.ConfR.API.csproj", "{8EB517F0-FA24-4A4C-B872-4BDA3D25AA3F}"
EndProject
Project("{9A19103F-16F7-4668-BE54-9A1E7A4F7556}") = "Intive.ConfR.Infrastructure", "Intive.ConfR.Infrastructure\Intive.ConfR.Infrastructure.csproj", "{C6A8BD83-D4EA-4849-A702-86EDAE69AB5D}"
EndProject
Project("{9A19103F-16F7-4668-BE54-9A1E7A4F7556}") = "Intive.ConfR.Persistence", "Intive.ConfR.Persistence\Intive.ConfR.Persistence.csproj", "{BE61FF7F-B90B-4730-A4CE-7A7CA12D3331}"
EndProject
Project("{9A19103F-16F7-4668-BE54-9A1E7A4F7556}") = "Intive.ConfR.Application", "Intive.ConfR.Application\Intive.ConfR.Application.csproj", "{35C665E0-B2EE-401D-9E47-70B0A40F009C}"
EndProject
Project("{9A19103F-16F7-4668-BE54-9A1E7A4F7556}") = "Intive.ConfR.Domain", "Intive.ConfR.Domain\Intive.ConfR.Domain.csproj", "{F7ED7D07-410C-414A-A79D-FA5C30925079}"
EndProject
Project("{E53339B2-1760-4266-BCC7-CA923CBCF16C}") = "docker-compose", "docker-compose.dcproj", "{20B8FF41-E1EF-4485-885D-554046C8A45A}"
EndProject
Project("{9A19103F-16F7-4668-BE54-9A1E7A4F7556}") = "Intive.ConfR.Infrastructure.Tests", "Intive.ConfR.Infrastructure.Tests\Intive.ConfR.Infrastructure.Tests.csproj", "{3C6E66C8-78A6-4D4E-A22A-2D49F997049F}"
EndProject
Project("{9A19103F-16F7-4668-BE54-9A1E7A4F7556}") = "Intive.ConfR.API.Tests", "Intive.ConfR.API.Tests\Intive.ConfR.API.Tests.csproj", "{5D0B45D2-AD13-40A6-A6A8-5C1A264F1AD6}"
EndProject
Project("{9A19103F-16F7-4668-BE54-9A1E7A4F7556}") = "Intive.ConfR.IntegrationTests", "Intive.ConfR.IntegrationTests\Intive.ConfR.IntegrationTests.csproj", "{6F4625EA-4B6B-4776-A4A5-050448B65214}"
EndProject
Global
	GlobalSection(SolutionConfigurationPlatforms) = preSolution
		Debug|Any CPU = Debug|Any CPU
		Release|Any CPU = Release|Any CPU
	EndGlobalSection
	GlobalSection(ProjectConfigurationPlatforms) = postSolution
		{3F54E3E7-BAC9-43F7-A75D-F4465808A9C3}.Debug|Any CPU.ActiveCfg = Debug|Any CPU
		{3F54E3E7-BAC9-43F7-A75D-F4465808A9C3}.Debug|Any CPU.Build.0 = Debug|Any CPU
		{3F54E3E7-BAC9-43F7-A75D-F4465808A9C3}.Release|Any CPU.ActiveCfg = Release|Any CPU
		{3F54E3E7-BAC9-43F7-A75D-F4465808A9C3}.Release|Any CPU.Build.0 = Release|Any CPU
		{A745DE0C-0CFE-477B-9721-39406A2B574A}.Debug|Any CPU.ActiveCfg = Debug|Any CPU
		{A745DE0C-0CFE-477B-9721-39406A2B574A}.Debug|Any CPU.Build.0 = Debug|Any CPU
		{A745DE0C-0CFE-477B-9721-39406A2B574A}.Release|Any CPU.ActiveCfg = Release|Any CPU
		{A745DE0C-0CFE-477B-9721-39406A2B574A}.Release|Any CPU.Build.0 = Release|Any CPU
		{2404EA55-A81D-4834-98B6-9F4F04DDD6B4}.Debug|Any CPU.ActiveCfg = Debug|Any CPU
		{2404EA55-A81D-4834-98B6-9F4F04DDD6B4}.Debug|Any CPU.Build.0 = Debug|Any CPU
		{2404EA55-A81D-4834-98B6-9F4F04DDD6B4}.Release|Any CPU.ActiveCfg = Release|Any CPU
		{2404EA55-A81D-4834-98B6-9F4F04DDD6B4}.Release|Any CPU.Build.0 = Release|Any CPU
		{8EB517F0-FA24-4A4C-B872-4BDA3D25AA3F}.Debug|Any CPU.ActiveCfg = Debug|Any CPU
		{8EB517F0-FA24-4A4C-B872-4BDA3D25AA3F}.Debug|Any CPU.Build.0 = Debug|Any CPU
		{8EB517F0-FA24-4A4C-B872-4BDA3D25AA3F}.Release|Any CPU.ActiveCfg = Release|Any CPU
		{8EB517F0-FA24-4A4C-B872-4BDA3D25AA3F}.Release|Any CPU.Build.0 = Release|Any CPU
		{C6A8BD83-D4EA-4849-A702-86EDAE69AB5D}.Debug|Any CPU.ActiveCfg = Debug|Any CPU
		{C6A8BD83-D4EA-4849-A702-86EDAE69AB5D}.Debug|Any CPU.Build.0 = Debug|Any CPU
		{C6A8BD83-D4EA-4849-A702-86EDAE69AB5D}.Release|Any CPU.ActiveCfg = Release|Any CPU
		{C6A8BD83-D4EA-4849-A702-86EDAE69AB5D}.Release|Any CPU.Build.0 = Release|Any CPU
		{BE61FF7F-B90B-4730-A4CE-7A7CA12D3331}.Debug|Any CPU.ActiveCfg = Debug|Any CPU
		{BE61FF7F-B90B-4730-A4CE-7A7CA12D3331}.Debug|Any CPU.Build.0 = Debug|Any CPU
		{BE61FF7F-B90B-4730-A4CE-7A7CA12D3331}.Release|Any CPU.ActiveCfg = Release|Any CPU
		{BE61FF7F-B90B-4730-A4CE-7A7CA12D3331}.Release|Any CPU.Build.0 = Release|Any CPU
		{35C665E0-B2EE-401D-9E47-70B0A40F009C}.Debug|Any CPU.ActiveCfg = Debug|Any CPU
		{35C665E0-B2EE-401D-9E47-70B0A40F009C}.Debug|Any CPU.Build.0 = Debug|Any CPU
		{35C665E0-B2EE-401D-9E47-70B0A40F009C}.Release|Any CPU.ActiveCfg = Release|Any CPU
		{35C665E0-B2EE-401D-9E47-70B0A40F009C}.Release|Any CPU.Build.0 = Release|Any CPU
		{F7ED7D07-410C-414A-A79D-FA5C30925079}.Debug|Any CPU.ActiveCfg = Debug|Any CPU
		{F7ED7D07-410C-414A-A79D-FA5C30925079}.Debug|Any CPU.Build.0 = Debug|Any CPU
		{F7ED7D07-410C-414A-A79D-FA5C30925079}.Release|Any CPU.ActiveCfg = Release|Any CPU
		{F7ED7D07-410C-414A-A79D-FA5C30925079}.Release|Any CPU.Build.0 = Release|Any CPU
		{20B8FF41-E1EF-4485-885D-554046C8A45A}.Debug|Any CPU.ActiveCfg = Debug|Any CPU
		{20B8FF41-E1EF-4485-885D-554046C8A45A}.Debug|Any CPU.Build.0 = Debug|Any CPU
		{20B8FF41-E1EF-4485-885D-554046C8A45A}.Release|Any CPU.ActiveCfg = Release|Any CPU
		{20B8FF41-E1EF-4485-885D-554046C8A45A}.Release|Any CPU.Build.0 = Release|Any CPU
		{3C6E66C8-78A6-4D4E-A22A-2D49F997049F}.Debug|Any CPU.ActiveCfg = Debug|Any CPU
		{3C6E66C8-78A6-4D4E-A22A-2D49F997049F}.Debug|Any CPU.Build.0 = Debug|Any CPU
		{3C6E66C8-78A6-4D4E-A22A-2D49F997049F}.Release|Any CPU.ActiveCfg = Release|Any CPU
		{3C6E66C8-78A6-4D4E-A22A-2D49F997049F}.Release|Any CPU.Build.0 = Release|Any CPU
		{5D0B45D2-AD13-40A6-A6A8-5C1A264F1AD6}.Debug|Any CPU.ActiveCfg = Debug|Any CPU
		{5D0B45D2-AD13-40A6-A6A8-5C1A264F1AD6}.Debug|Any CPU.Build.0 = Debug|Any CPU
		{5D0B45D2-AD13-40A6-A6A8-5C1A264F1AD6}.Release|Any CPU.ActiveCfg = Release|Any CPU
		{5D0B45D2-AD13-40A6-A6A8-5C1A264F1AD6}.Release|Any CPU.Build.0 = Release|Any CPU
		{6F4625EA-4B6B-4776-A4A5-050448B65214}.Debug|Any CPU.ActiveCfg = Debug|Any CPU
		{6F4625EA-4B6B-4776-A4A5-050448B65214}.Debug|Any CPU.Build.0 = Debug|Any CPU
		{6F4625EA-4B6B-4776-A4A5-050448B65214}.Release|Any CPU.ActiveCfg = Release|Any CPU
		{6F4625EA-4B6B-4776-A4A5-050448B65214}.Release|Any CPU.Build.0 = Release|Any CPU
	EndGlobalSection
	GlobalSection(SolutionProperties) = preSolution
		HideSolutionNode = FALSE
	EndGlobalSection
	GlobalSection(NestedProjects) = preSolution
		{0FEB6ADF-29FD-48CE-AE0F-9E19E9209795} = {4B785E7E-2F35-4198-BD73-D2B861E5518A}
		{1EC1EEFF-3888-4125-9229-623C564F3E7E} = {4B785E7E-2F35-4198-BD73-D2B861E5518A}
		{833DEA57-A970-418C-831C-2355B8294766} = {4B785E7E-2F35-4198-BD73-D2B861E5518A}
		{C1158497-4B38-48DD-B698-57B7A0D50249} = {4B785E7E-2F35-4198-BD73-D2B861E5518A}
		{3F54E3E7-BAC9-43F7-A75D-F4465808A9C3} = {C1158497-4B38-48DD-B698-57B7A0D50249}
		{A745DE0C-0CFE-477B-9721-39406A2B574A} = {9FEDAEFB-297C-4201-8FAA-F502F94CAFED}
		{2404EA55-A81D-4834-98B6-9F4F04DDD6B4} = {9FEDAEFB-297C-4201-8FAA-F502F94CAFED}
		{8EB517F0-FA24-4A4C-B872-4BDA3D25AA3F} = {833DEA57-A970-418C-831C-2355B8294766}
		{C6A8BD83-D4EA-4849-A702-86EDAE69AB5D} = {1EC1EEFF-3888-4125-9229-623C564F3E7E}
		{BE61FF7F-B90B-4730-A4CE-7A7CA12D3331} = {1EC1EEFF-3888-4125-9229-623C564F3E7E}
		{35C665E0-B2EE-401D-9E47-70B0A40F009C} = {0FEB6ADF-29FD-48CE-AE0F-9E19E9209795}
		{F7ED7D07-410C-414A-A79D-FA5C30925079} = {0FEB6ADF-29FD-48CE-AE0F-9E19E9209795}
		{3C6E66C8-78A6-4D4E-A22A-2D49F997049F} = {9FEDAEFB-297C-4201-8FAA-F502F94CAFED}
		{5D0B45D2-AD13-40A6-A6A8-5C1A264F1AD6} = {9FEDAEFB-297C-4201-8FAA-F502F94CAFED}
		{6F4625EA-4B6B-4776-A4A5-050448B65214} = {9FEDAEFB-297C-4201-8FAA-F502F94CAFED}
	EndGlobalSection
	GlobalSection(ExtensibilityGlobals) = postSolution
		SolutionGuid = {0D5D0CA3-C6B8-436C-82B0-39820C8A13FA}
	EndGlobalSection
EndGlobal
